
Microsoft Visual Studio Solution File, Format Version 12.00
# Visual Studio Version 16
VisualStudioVersion = 16.0.30523.141
MinimumVisualStudioVersion = 10.0.40219.1
Project("{FAE04EC0-301F-11D3-BF4B-00C04F79EFBC}") = "Factory_Pattern", "FactoryPattern\Factory_Pattern.csproj", "{50A7AFA7-1F1B-4DAB-9D95-F6078E6FC2F1}"
EndProject
Project("{FAE04EC0-301F-11D3-BF4B-00C04F79EFBC}") = "Filter_Pattern", "FilterPattern\Filter_Pattern.csproj", "{61CE1E63-1B98-4D86-B0F0-C9C54DC8EFB3}"
EndProject
Project("{FAE04EC0-301F-11D3-BF4B-00C04F79EFBC}") = "AbstractFactory_Pattern", "Abstract Factory_Pattern\AbstractFactory_Pattern.csproj", "{074D8C18-A73E-4ECE-91A1-0C00115C4B9D}"
EndProject
Project("{FAE04EC0-301F-11D3-BF4B-00C04F79EFBC}") = "Strategy_Pattern", "Strategy_Pattern\Strategy_Pattern.csproj", "{E661FAF7-248A-4A97-92C8-C1BFE229CA83}"
EndProject
Project("{FAE04EC0-301F-11D3-BF4B-00C04F79EFBC}") = "Builder_Pattern", "Builder_Pattern\Builder_Pattern.csproj", "{0499871C-8081-49F7-9CFD-45C19EEC14B1}"
EndProject
Global
	GlobalSection(SolutionConfigurationPlatforms) = preSolution
		Debug|Any CPU = Debug|Any CPU
		Release|Any CPU = Release|Any CPU
	EndGlobalSection
	GlobalSection(ProjectConfigurationPlatforms) = postSolution
		{50A7AFA7-1F1B-4DAB-9D95-F6078E6FC2F1}.Debug|Any CPU.ActiveCfg = Debug|Any CPU
		{50A7AFA7-1F1B-4DAB-9D95-F6078E6FC2F1}.Debug|Any CPU.Build.0 = Debug|Any CPU
		{50A7AFA7-1F1B-4DAB-9D95-F6078E6FC2F1}.Release|Any CPU.ActiveCfg = Release|Any CPU
		{50A7AFA7-1F1B-4DAB-9D95-F6078E6FC2F1}.Release|Any CPU.Build.0 = Release|Any CPU
		{61CE1E63-1B98-4D86-B0F0-C9C54DC8EFB3}.Debug|Any CPU.ActiveCfg = Debug|Any CPU
		{61CE1E63-1B98-4D86-B0F0-C9C54DC8EFB3}.Debug|Any CPU.Build.0 = Debug|Any CPU
		{61CE1E63-1B98-4D86-B0F0-C9C54DC8EFB3}.Release|Any CPU.ActiveCfg = Release|Any CPU
		{61CE1E63-1B98-4D86-B0F0-C9C54DC8EFB3}.Release|Any CPU.Build.0 = Release|Any CPU
		{074D8C18-A73E-4ECE-91A1-0C00115C4B9D}.Debug|Any CPU.ActiveCfg = Debug|Any CPU
		{074D8C18-A73E-4ECE-91A1-0C00115C4B9D}.Debug|Any CPU.Build.0 = Debug|Any CPU
		{074D8C18-A73E-4ECE-91A1-0C00115C4B9D}.Release|Any CPU.ActiveCfg = Release|Any CPU
		{074D8C18-A73E-4ECE-91A1-0C00115C4B9D}.Release|Any CPU.Build.0 = Release|Any CPU
		{E661FAF7-248A-4A97-92C8-C1BFE229CA83}.Debug|Any CPU.ActiveCfg = Debug|Any CPU
		{E661FAF7-248A-4A97-92C8-C1BFE229CA83}.Debug|Any CPU.Build.0 = Debug|Any CPU
		{E661FAF7-248A-4A97-92C8-C1BFE229CA83}.Release|Any CPU.ActiveCfg = Release|Any CPU
		{E661FAF7-248A-4A97-92C8-C1BFE229CA83}.Release|Any CPU.Build.0 = Release|Any CPU
		{0499871C-8081-49F7-9CFD-45C19EEC14B1}.Debug|Any CPU.ActiveCfg = Debug|Any CPU
		{0499871C-8081-49F7-9CFD-45C19EEC14B1}.Debug|Any CPU.Build.0 = Debug|Any CPU
		{0499871C-8081-49F7-9CFD-45C19EEC14B1}.Release|Any CPU.ActiveCfg = Release|Any CPU
		{0499871C-8081-49F7-9CFD-45C19EEC14B1}.Release|Any CPU.Build.0 = Release|Any CPU
	EndGlobalSection
	GlobalSection(SolutionProperties) = preSolution
		HideSolutionNode = FALSE
	EndGlobalSection
	GlobalSection(ExtensibilityGlobals) = postSolution
		SolutionGuid = {85E71F98-3E6B-4C86-ABDD-10706A27FA41}
	EndGlobalSection
EndGlobal
